dependencies:
- name: postgresql
  repository: https://charts.bitnami.com/bitnami
  version: 10.3.17
- name: redis
  repository: https://charts.bitnami.com/bitnami
  version: 13.0.1
digest: sha256:8ea084f3e8cdd8a5384a92ba1a6397a6fb30581682488df0c938552156a08726
generated: "2021-09-03T18:19:10.267662898-07:00"
